# THIS IS AN AUTOGENERATED FILE. DO NOT EDIT THIS FILE DIRECTLY.
# yarn lockfile v1


"@microsoft/tsdoc@^0.15.0":
  version "0.15.1"
  resolved "https://registry.yarnpkg.com/@microsoft/tsdoc/-/tsdoc-0.15.1.tgz#d4f6937353bc4568292654efb0a0e0532adbcba2"
  integrity sha512-4aErSrCR/On/e5G2hDP0wjooqDdauzEbIq8hIkIe5pXV0rtWJZvdCEKL0ykZxex+IxIwBp0eGeV48hQN07dXtw==

"@nestjs/mapped-types@2.0.6":
  version "2.0.6"
  resolved "https://registry.yarnpkg.com/@nestjs/mapped-types/-/mapped-types-2.0.6.tgz#d2d8523709fd5d872a9b9e0c38162746e2a7f44e"
  integrity sha512-84ze+CPfp1OWdpRi1/lOu59hOhTz38eVzJvRKrg9ykRFwDz+XleKfMsG0gUqNZYFa6v53XYzeD+xItt8uDW7NQ==

"@nestjs/swagger@^8.1.1":
  version "8.1.1"
  resolved "https://registry.yarnpkg.com/@nestjs/swagger/-/swagger-8.1.1.tgz#18d61a995b6b17759bca361474904d69c4406093"
  integrity sha512-5Mda7H1DKnhKtlsb0C7PYshcvILv8UFyUotHzxmWh0G65Z21R3LZH/J8wmpnlzL4bmXIfr42YwbEwRxgzpJ5sQ==
  dependencies:
    "@microsoft/tsdoc" "^0.15.0"
    "@nestjs/mapped-types" "2.0.6"
    js-yaml "4.1.0"
    lodash "4.17.21"
    path-to-regexp "3.3.0"
    swagger-ui-dist "5.18.2"

"@scarf/scarf@=1.4.0":
  version "1.4.0"
  resolved "https://registry.yarnpkg.com/@scarf/scarf/-/scarf-1.4.0.tgz#3bbb984085dbd6d982494538b523be1ce6562972"
  integrity sha512-xxeapPiUXdZAE3che6f3xogoJPeZgig6omHEy1rIY5WVsB3H2BHNnZH+gHG6x91SCWyQCzWGsuL2Hh3ClO5/qQ==

argparse@^2.0.1:
  version "2.0.1"
  resolved "https://registry.yarnpkg.com/argparse/-/argparse-2.0.1.tgz#246f50f3ca78a3240f6c997e8a9bd1eac49e4b38"
  integrity sha512-8+9WqebbFzpX9OR+Wa6O29asIogeRMzcGtAINdpMHHyAg10f05aSFVBbcEqGf/PXw1EjAZ+q2/bEBg3DvurK3Q==

js-yaml@4.1.0:
  version "4.1.0"
  resolved "https://registry.yarnpkg.com/js-yaml/-/js-yaml-4.1.0.tgz#c1fb65f8f5017901cdd2c951864ba18458a10602"
  integrity sha512-wpxZs9NoxZaJESJGIZTyDEaYpl0FKSA+FB9aJiyemKhMwkxQg63h4T1KJgUGHpTqPDNRcmmYLugrRjJlBtWvRA==
  dependencies:
    argparse "^2.0.1"

lodash@4.17.21:
  version "4.17.21"
  resolved "https://registry.yarnpkg.com/lodash/-/lodash-4.17.21.tgz#679591c564c3bffaae8454cf0b3df370c3d6911c"
  integrity sha512-v2kDEe57lecTulaDIuNTPy3Ry4gLGJ6Z1O3vE1krgXZNrsQ+LFTGHVxVjcXPs17LhbZVGedAJv8XZ1tvj5FvSg==

path-to-regexp@3.3.0:
  version "3.3.0"
  resolved "https://registry.yarnpkg.com/path-to-regexp/-/path-to-regexp-3.3.0.tgz#f7f31d32e8518c2660862b644414b6d5c63a611b"
  integrity sha512-qyCH421YQPS2WFDxDjftfc1ZR5WKQzVzqsp4n9M2kQhVOo/ByahFoUNJfl58kOcEGfQ//7weFTDhm+ss8Ecxgw==

swagger-ui-dist@5.18.2:
  version "5.18.2"
  resolved "https://registry.yarnpkg.com/swagger-ui-dist/-/swagger-ui-dist-5.18.2.tgz#62013074374d272c04ed3030704b88db5aa8c0b7"
  integrity sha512-J+y4mCw/zXh1FOj5wGJvnAajq6XgHOyywsa9yITmwxIlJbMqITq3gYRZHaeqLVH/eV/HOPphE6NjF+nbSNC5Zw==
  dependencies:
    "@scarf/scarf" "=1.4.0"
